
Microsoft Visual Studio Solution File, Format Version 12.00
# Visual Studio Version 17
VisualStudioVersion = 17.12.35728.132
MinimumVisualStudioVersion = 10.0.40219.1
Project("{FAE04EC0-301F-11D3-BF4B-00C04F79EFBC}") = "API", "API\API.csproj", "{713B10B2-8AA4-4970-AE8D-3784F7976CE1}"
EndProject
Project("{FAE04EC0-301F-11D3-BF4B-00C04F79EFBC}") = "Tests", "Tests\Tests.csproj", "{64E7AB8F-DDBF-4BD6-84ED-00C19F1DF985}"
EndProject
Project("{FAE04EC0-301F-11D3-BF4B-00C04F79EFBC}") = "Domain", "Domain\Domain.csproj", "{E22FDED2-E956-4FB3-8942-4BA91B554BDC}"
EndProject
Project("{FAE04EC0-301F-11D3-BF4B-00C04F79EFBC}") = "Application", "Application\Application.csproj", "{E55C8451-36A0-4D10-B43B-C1239BDB3200}"
EndProject
Project("{FAE04EC0-301F-11D3-BF4B-00C04F79EFBC}") = "Infrastructure", "Infraestructure\Infrastructure.csproj", "{D5D1723B-05E0-484C-9665-6A258C82739F}"
EndProject
Project("{2150E333-8FDC-42A3-9474-1A3956D46DE8}") = "Solution Items", "Solution Items", "{9C73FA2A-B0E4-4699-984B-09C45AD96BEB}"
	ProjectSection(SolutionItems) = preProject
		ToDo.txt = ToDo.txt
		coverlet.runsettings = coverlet.runsettings
	EndProjectSection
EndProject
Global
	GlobalSection(SolutionConfigurationPlatforms) = preSolution
		Debug|Any CPU = Debug|Any CPU
		Release|Any CPU = Release|Any CPU
	EndGlobalSection
	GlobalSection(ProjectConfigurationPlatforms) = postSolution
		{713B10B2-8AA4-4970-AE8D-3784F7976CE1}.Debug|Any CPU.ActiveCfg = Debug|Any CPU
		{713B10B2-8AA4-4970-AE8D-3784F7976CE1}.Debug|Any CPU.Build.0 = Debug|Any CPU
		{713B10B2-8AA4-4970-AE8D-3784F7976CE1}.Release|Any CPU.ActiveCfg = Release|Any CPU
		{713B10B2-8AA4-4970-AE8D-3784F7976CE1}.Release|Any CPU.Build.0 = Release|Any CPU
		{64E7AB8F-DDBF-4BD6-84ED-00C19F1DF985}.Debug|Any CPU.ActiveCfg = Debug|Any CPU
		{64E7AB8F-DDBF-4BD6-84ED-00C19F1DF985}.Debug|Any CPU.Build.0 = Debug|Any CPU
		{64E7AB8F-DDBF-4BD6-84ED-00C19F1DF985}.Release|Any CPU.ActiveCfg = Release|Any CPU
		{64E7AB8F-DDBF-4BD6-84ED-00C19F1DF985}.Release|Any CPU.Build.0 = Release|Any CPU
		{E22FDED2-E956-4FB3-8942-4BA91B554BDC}.Debug|Any CPU.ActiveCfg = Debug|Any CPU
		{E22FDED2-E956-4FB3-8942-4BA91B554BDC}.Debug|Any CPU.Build.0 = Debug|Any CPU
		{E22FDED2-E956-4FB3-8942-4BA91B554BDC}.Release|Any CPU.ActiveCfg = Release|Any CPU
		{E22FDED2-E956-4FB3-8942-4BA91B554BDC}.Release|Any CPU.Build.0 = Release|Any CPU
		{E55C8451-36A0-4D10-B43B-C1239BDB3200}.Debug|Any CPU.ActiveCfg = Debug|Any CPU
		{E55C8451-36A0-4D10-B43B-C1239BDB3200}.Debug|Any CPU.Build.0 = Debug|Any CPU
		{E55C8451-36A0-4D10-B43B-C1239BDB3200}.Release|Any CPU.ActiveCfg = Release|Any CPU
		{E55C8451-36A0-4D10-B43B-C1239BDB3200}.Release|Any CPU.Build.0 = Release|Any CPU
		{D5D1723B-05E0-484C-9665-6A258C82739F}.Debug|Any CPU.ActiveCfg = Debug|Any CPU
		{D5D1723B-05E0-484C-9665-6A258C82739F}.Debug|Any CPU.Build.0 = Debug|Any CPU
		{D5D1723B-05E0-484C-9665-6A258C82739F}.Release|Any CPU.ActiveCfg = Release|Any CPU
		{D5D1723B-05E0-484C-9665-6A258C82739F}.Release|Any CPU.Build.0 = Release|Any CPU
	EndGlobalSection
	GlobalSection(SolutionProperties) = preSolution
		HideSolutionNode = FALSE
	EndGlobalSection
EndGlobal
